// !$*UTF8*$!
{
	archiveVersion = 1;
	classes = {
	};
	objectVersion = 55;
	objects = {

/* Begin PBXBuildFile section */
		76535DF8286377BB0039B9D9 /* ScheduleViewController.swift in Sources */ = {isa = PBXBuildFile; fileRef = 76535DF7286377BB0039B9D9 /* ScheduleViewController.swift */; };
		76535DFA2863789F0039B9D9 /* ECViewController.swift in Sources */ = {isa = PBXBuildFile; fileRef = 76535DF92863789F0039B9D9 /* ECViewController.swift */; };
		76535DFC286379160039B9D9 /* LunchViewController.swift in Sources */ = {isa = PBXBuildFile; fileRef = 76535DFB286379160039B9D9 /* LunchViewController.swift */; };
		76535DFE2863792A0039B9D9 /* ContactViewController.swift in Sources */ = {isa = PBXBuildFile; fileRef = 76535DFD2863792A0039B9D9 /* ContactViewController.swift */; };
		76535E00286379420039B9D9 /* CalendarViewController.swift in Sources */ = {isa = PBXBuildFile; fileRef = 76535DFF286379420039B9D9 /* CalendarViewController.swift */; };
		76535E0C2863D94B0039B9D9 /* ScheduleEditViewController.swift in Sources */ = {isa = PBXBuildFile; fileRef = 76535E0B2863D94B0039B9D9 /* ScheduleEditViewController.swift */; };
		76863D792867E1A800A7AE85 /* LunchEditViewController.swift in Sources */ = {isa = PBXBuildFile; fileRef = 76863D782867E1A800A7AE85 /* LunchEditViewController.swift */; };
		76863D7B2867E43500A7AE85 /* LunchSignInViewController.swift in Sources */ = {isa = PBXBuildFile; fileRef = 76863D7A2867E43500A7AE85 /* LunchSignInViewController.swift */; };
		768F24D6286925110033FCF2 /* CalendarCell.swift in Sources */ = {isa = PBXBuildFile; fileRef = 768F24D5286925110033FCF2 /* CalendarCell.swift */; };
		768F24D8286928EF0033FCF2 /* CalendarHelper.swift in Sources */ = {isa = PBXBuildFile; fileRef = 768F24D7286928EF0033FCF2 /* CalendarHelper.swift */; };
		768F24DB28695B320033FCF2 /* WeeklyViewController.swift in Sources */ = {isa = PBXBuildFile; fileRef = 768F24DA28695B320033FCF2 /* WeeklyViewController.swift */; };
		768F24DF2869D9C50033FCF2 /* EventCell.swift in Sources */ = {isa = PBXBuildFile; fileRef = 768F24DE2869D9C50033FCF2 /* EventCell.swift */; };
		768F24E12869DC410033FCF2 /* EventEditViewController.swift in Sources */ = {isa = PBXBuildFile; fileRef = 768F24E02869DC410033FCF2 /* EventEditViewController.swift */; };
		768F24E42869DD650033FCF2 /* Event.swift in Sources */ = {isa = PBXBuildFile; fileRef = 768F24E32869DD650033FCF2 /* Event.swift */; };
		76D9D0F32862C67600EB6E26 /* AppDelegate.swift in Sources */ = {isa = PBXBuildFile; fileRef = 76D9D0F22862C67600EB6E26 /* AppDelegate.swift */; };
		76D9D0F52862C67600EB6E26 /* SceneDelegate.swift in Sources */ = {isa = PBXBuildFile; fileRef = 76D9D0F42862C67600EB6E26 /* SceneDelegate.swift */; };
		76D9D0F72862C67600EB6E26 /* HomeViewController.swift in Sources */ = {isa = PBXBuildFile; fileRef = 76D9D0F62862C67600EB6E26 /* HomeViewController.swift */; };
		76D9D0FA2862C67600EB6E26 /* Main.storyboard in Resources */ = {isa = PBXBuildFile; fileRef = 76D9D0F82862C67600EB6E26 /* Main.storyboard */; };
		76D9D0FC2862C67900EB6E26 /* Assets.xcassets in Resources */ = {isa = PBXBuildFile; fileRef = 76D9D0FB2862C67900EB6E26 /* Assets.xcassets */; };
		76D9D0FF2862C67900EB6E26 /* LaunchScreen.storyboard in Resources */ = {isa = PBXBuildFile; fileRef = 76D9D0FD2862C67900EB6E26 /* LaunchScreen.storyboard */; };
/* End PBXBuildFile section */

/* Begin PBXFileReference section */
		76535DF7286377BB0039B9D9 /* ScheduleViewController.swift */ = {isa = PBXFileReference; lastKnownFileType = sourcecode.swift; path = ScheduleViewController.swift; sourceTree = "<group>"; };
		76535DF92863789F0039B9D9 /* ECViewController.swift */ = {isa = PBXFileReference; lastKnownFileType = sourcecode.swift; path = ECViewController.swift; sourceTree = "<group>"; };
		76535DFB286379160039B9D9 /* LunchViewController.swift */ = {isa = PBXFileReference; lastKnownFileType = sourcecode.swift; path = LunchViewController.swift; sourceTree = "<group>"; };
		76535DFD2863792A0039B9D9 /* ContactViewController.swift */ = {isa = PBXFileReference; lastKnownFileType = sourcecode.swift; path = ContactViewController.swift; sourceTree = "<group>"; };
		76535DFF286379420039B9D9 /* CalendarViewController.swift */ = {isa = PBXFileReference; lastKnownFileType = sourcecode.swift; path = CalendarViewController.swift; sourceTree = "<group>"; };
		76535E0B2863D94B0039B9D9 /* ScheduleEditViewController.swift */ = {isa = PBXFileReference; lastKnownFileType = sourcecode.swift; path = ScheduleEditViewController.swift; sourceTree = "<group>"; };
		76863D782867E1A800A7AE85 /* LunchEditViewController.swift */ = {isa = PBXFileReference; lastKnownFileType = sourcecode.swift; path = LunchEditViewController.swift; sourceTree = "<group>"; };
		76863D7A2867E43500A7AE85 /* LunchSignInViewController.swift */ = {isa = PBXFileReference; lastKnownFileType = sourcecode.swift; path = LunchSignInViewController.swift; sourceTree = "<group>"; };
		768F24D5286925110033FCF2 /* CalendarCell.swift */ = {isa = PBXFileReference; lastKnownFileType = sourcecode.swift; path = CalendarCell.swift; sourceTree = "<group>"; };
		768F24D7286928EF0033FCF2 /* CalendarHelper.swift */ = {isa = PBXFileReference; lastKnownFileType = sourcecode.swift; path = CalendarHelper.swift; sourceTree = "<group>"; };
		768F24DA28695B320033FCF2 /* WeeklyViewController.swift */ = {isa = PBXFileReference; lastKnownFileType = sourcecode.swift; path = WeeklyViewController.swift; sourceTree = "<group>"; };
		768F24DE2869D9C50033FCF2 /* EventCell.swift */ = {isa = PBXFileReference; lastKnownFileType = sourcecode.swift; path = EventCell.swift; sourceTree = "<group>"; };
		768F24E02869DC410033FCF2 /* EventEditViewController.swift */ = {isa = PBXFileReference; lastKnownFileType = sourcecode.swift; path = EventEditViewController.swift; sourceTree = "<group>"; };
		768F24E32869DD650033FCF2 /* Event.swift */ = {isa = PBXFileReference; lastKnownFileType = sourcecode.swift; path = Event.swift; sourceTree = "<group>"; };
		76D9D0EF2862C67600EB6E26 /* FBLA Mobile App Dev.app */ = {isa = PBXFileReference; explicitFileType = wrapper.application; includeInIndex = 0; path = "FBLA Mobile App Dev.app"; sourceTree = BUILT_PRODUCTS_DIR; };
		76D9D0F22862C67600EB6E26 /* AppDelegate.swift */ = {isa = PBXFileReference; lastKnownFileType = sourcecode.swift; path = AppDelegate.swift; sourceTree = "<group>"; };
		76D9D0F42862C67600EB6E26 /* SceneDelegate.swift */ = {isa = PBXFileReference; lastKnownFileType = sourcecode.swift; path = SceneDelegate.swift; sourceTree = "<group>"; };
		76D9D0F62862C67600EB6E26 /* HomeViewController.swift */ = {isa = PBXFileReference; lastKnownFileType = sourcecode.swift; path = HomeViewController.swift; sourceTree = "<group>"; };
		76D9D0F92862C67600EB6E26 /* Base */ = {isa = PBXFileReference; lastKnownFileType = file.storyboard; name = Base; path = Base.lproj/Main.storyboard; sourceTree = "<group>"; };
		76D9D0FB2862C67900EB6E26 /* Assets.xcassets */ = {isa = PBXFileReference; lastKnownFileType = folder.assetcatalog; path = Assets.xcassets; sourceTree = "<group>"; };
		76D9D0FE2862C67900EB6E26 /* Base */ = {isa = PBXFileReference; lastKnownFileType = file.storyboard; name = Base; path = Base.lproj/LaunchScreen.storyboard; sourceTree = "<group>"; };
		76D9D1002862C67900EB6E26 /* Info.plist */ = {isa = PBXFileReference; lastKnownFileType = text.plist.xml; path = Info.plist; sourceTree = "<group>"; };
/* End PBXFileReference section */

/* Begin PBXFrameworksBuildPhase section */
		76D9D0EC2862C67600EB6E26 /* Frameworks */ = {
			isa = PBXFrameworksBuildPhase;
			buildActionMask = 2147483647;
			files = (
			);
			runOnlyForDeploymentPostprocessing = 0;
		};
/* End PBXFrameworksBuildPhase section */

/* Begin PBXGroup section */
		76535DF6286372880039B9D9 /* Controller */ = {
			isa = PBXGroup;
			children = (
				76D9D0F62862C67600EB6E26 /* HomeViewController.swift */,
				76535E0B2863D94B0039B9D9 /* ScheduleEditViewController.swift */,
				76535DF7286377BB0039B9D9 /* ScheduleViewController.swift */,
				76535DF92863789F0039B9D9 /* ECViewController.swift */,
				76535DFB286379160039B9D9 /* LunchViewController.swift */,
				76863D7A2867E43500A7AE85 /* LunchSignInViewController.swift */,
				76863D782867E1A800A7AE85 /* LunchEditViewController.swift */,
				76535DFD2863792A0039B9D9 /* ContactViewController.swift */,
				76535DFF286379420039B9D9 /* CalendarViewController.swift */,
				768F24E22869DD470033FCF2 /* Calendar Files */,
			);
			path = Controller;
			sourceTree = "<group>";
		};
		76535E0A28637B4B0039B9D9 /* Storyboard */ = {
			isa = PBXGroup;
			children = (
				76D9D0F82862C67600EB6E26 /* Main.storyboard */,
				76D9D0FD2862C67900EB6E26 /* LaunchScreen.storyboard */,
			);
			path = Storyboard;
			sourceTree = "<group>";
		};
		768F24E22869DD470033FCF2 /* Calendar Files */ = {
			isa = PBXGroup;
			children = (
				768F24DA28695B320033FCF2 /* WeeklyViewController.swift */,
				768F24D5286925110033FCF2 /* CalendarCell.swift */,
				768F24D7286928EF0033FCF2 /* CalendarHelper.swift */,
				768F24DE2869D9C50033FCF2 /* EventCell.swift */,
				768F24E02869DC410033FCF2 /* EventEditViewController.swift */,
				768F24E32869DD650033FCF2 /* Event.swift */,
			);
			path = "Calendar Files";
			sourceTree = "<group>";
		};
		76D9D0E62862C67600EB6E26 = {
			isa = PBXGroup;
			children = (
				76D9D0F12862C67600EB6E26 /* FBLA Mobile App Dev */,
				76D9D0F02862C67600EB6E26 /* Products */,
			);
			sourceTree = "<group>";
		};
		76D9D0F02862C67600EB6E26 /* Products */ = {
			isa = PBXGroup;
			children = (
				76D9D0EF2862C67600EB6E26 /* FBLA Mobile App Dev.app */,
			);
			name = Products;
			sourceTree = "<group>";
		};
		76D9D0F12862C67600EB6E26 /* FBLA Mobile App Dev */ = {
			isa = PBXGroup;
			children = (
				76D9D0F22862C67600EB6E26 /* AppDelegate.swift */,
				76D9D0F42862C67600EB6E26 /* SceneDelegate.swift */,
				76535DF6286372880039B9D9 /* Controller */,
				76535E0A28637B4B0039B9D9 /* Storyboard */,
				76D9D0FB2862C67900EB6E26 /* Assets.xcassets */,
				76D9D1002862C67900EB6E26 /* Info.plist */,
			);
			path = "FBLA Mobile App Dev";
			sourceTree = "<group>";
		};
/* End PBXGroup section */

/* Begin PBXNativeTarget section */
		76D9D0EE2862C67600EB6E26 /* FBLA Mobile App Dev */ = {
			isa = PBXNativeTarget;
			buildConfigurationList = 76D9D1032862C67900EB6E26 /* Build configuration list for PBXNativeTarget "FBLA Mobile App Dev" */;
			buildPhases = (
				76D9D0EB2862C67600EB6E26 /* Sources */,
				76D9D0EC2862C67600EB6E26 /* Frameworks */,
				76D9D0ED2862C67600EB6E26 /* Resources */,
			);
			buildRules = (
			);
			dependencies = (
			);
			name = "FBLA Mobile App Dev";
			productName = "FBLA Mobile App Dev";
			productReference = 76D9D0EF2862C67600EB6E26 /* FBLA Mobile App Dev.app */;
			productType = "com.apple.product-type.application";
		};
/* End PBXNativeTarget section */

/* Begin PBXProject section */
		76D9D0E72862C67600EB6E26 /* Project object */ = {
			isa = PBXProject;
			attributes = {
				BuildIndependentTargetsInParallel = 1;
				LastSwiftUpdateCheck = 1340;
				LastUpgradeCheck = 1340;
				TargetAttributes = {
					76D9D0EE2862C67600EB6E26 = {
						CreatedOnToolsVersion = 13.4.1;
					};
				};
			};
			buildConfigurationList = 76D9D0EA2862C67600EB6E26 /* Build configuration list for PBXProject "FBLA Mobile App Dev" */;
			compatibilityVersion = "Xcode 13.0";
			developmentRegion = en;
			hasScannedForEncodings = 0;
			knownRegions = (
				en,
				Base,
			);
			mainGroup = 76D9D0E62862C67600EB6E26;
			productRefGroup = 76D9D0F02862C67600EB6E26 /* Products */;
			projectDirPath = "";
			projectRoot = "";
			targets = (
				76D9D0EE2862C67600EB6E26 /* FBLA Mobile App Dev */,
			);
		};
/* End PBXProject section */

/* Begin PBXResourcesBuildPhase section */
		76D9D0ED2862C67600EB6E26 /* Resources */ = {
			isa = PBXResourcesBuildPhase;
			buildActionMask = 2147483647;
			files = (
				76D9D0FF2862C67900EB6E26 /* LaunchScreen.storyboard in Resources */,
				76D9D0FC2862C67900EB6E26 /* Assets.xcassets in Resources */,
				76D9D0FA2862C67600EB6E26 /* Main.storyboard in Resources */,
			);
			runOnlyForDeploymentPostprocessing = 0;
		};
/* End PBXResourcesBuildPhase section */

/* Begin PBXSourcesBuildPhase section */
		76D9D0EB2862C67600EB6E26 /* Sources */ = {
			isa = PBXSourcesBuildPhase;
			buildActionMask = 2147483647;
			files = (
				76863D792867E1A800A7AE85 /* LunchEditViewController.swift in Sources */,
				76535E00286379420039B9D9 /* CalendarViewController.swift in Sources */,
				76D9D0F72862C67600EB6E26 /* HomeViewController.swift in Sources */,
				768F24E42869DD650033FCF2 /* Event.swift in Sources */,
				768F24D6286925110033FCF2 /* CalendarCell.swift in Sources */,
				76535DFE2863792A0039B9D9 /* ContactViewController.swift in Sources */,
				76863D7B2867E43500A7AE85 /* LunchSignInViewController.swift in Sources */,
				768F24DF2869D9C50033FCF2 /* EventCell.swift in Sources */,
				76D9D0F32862C67600EB6E26 /* AppDelegate.swift in Sources */,
				76D9D0F52862C67600EB6E26 /* SceneDelegate.swift in Sources */,
				768F24D8286928EF0033FCF2 /* CalendarHelper.swift in Sources */,
				76535DFC286379160039B9D9 /* LunchViewController.swift in Sources */,
				76535DFA2863789F0039B9D9 /* ECViewController.swift in Sources */,
				768F24E12869DC410033FCF2 /* EventEditViewController.swift in Sources */,
				76535E0C2863D94B0039B9D9 /* ScheduleEditViewController.swift in Sources */,
				768F24DB28695B320033FCF2 /* WeeklyViewController.swift in Sources */,
				76535DF8286377BB0039B9D9 /* ScheduleViewController.swift in Sources */,
			);
			runOnlyForDeploymentPostprocessing = 0;
		};
/* End PBXSourcesBuildPhase section */

/* Begin PBXVariantGroup section */
		76D9D0F82862C67600EB6E26 /* Main.storyboard */ = {
			isa = PBXVariantGroup;
			children = (
				76D9D0F92862C67600EB6E26 /* Base */,
			);
			name = Main.storyboard;
			sourceTree = "<group>";
		};
		76D9D0FD2862C67900EB6E26 /* LaunchScreen.storyboard */ = {
			isa = PBXVariantGroup;
			children = (
				76D9D0FE2862C67900EB6E26 /* Base */,
			);
			name = LaunchScreen.storyboard;
			sourceTree = "<group>";
		};
/* End PBXVariantGroup section */

/* Begin XCBuildConfiguration section */
		76D9D1012862C67900EB6E26 /* Debug */ = {
			isa = XCBuildConfiguration;
			buildSettings = {
				ALWAYS_SEARCH_USER_PATHS = NO;
				CLANG_ANALYZER_NONNULL = YES;
				CLANG_ANALYZER_NUMBER_OBJECT_CONVERSION = YES_AGGRESSIVE;
				CLANG_CXX_LANGUAGE_STANDARD = "gnu++17";
				CLANG_ENABLE_MODULES = YES;
				CLANG_ENABLE_OBJC_ARC = YES;
				CLANG_ENABLE_OBJC_WEAK = YES;
				CLANG_WARN_BLOCK_CAPTURE_AUTORELEASING = YES;
				CLANG_WARN_BOOL_CONVERSION = YES;
				CLANG_WARN_COMMA = YES;
				CLANG_WARN_CONSTANT_CONVERSION = YES;
				CLANG_WARN_DEPRECATED_OBJC_IMPLEMENTATIONS = YES;
				CLANG_WARN_DIRECT_OBJC_ISA_USAGE = YES_ERROR;
				CLANG_WARN_DOCUMENTATION_COMMENTS = YES;
				CLANG_WARN_EMPTY_BODY = YES;
				CLANG_WARN_ENUM_CONVERSION = YES;
				CLANG_WARN_INFINITE_RECURSION = YES;
				CLANG_WARN_INT_CONVERSION = YES;
				CLANG_WARN_NON_LITERAL_NULL_CONVERSION = YES;
				CLANG_WARN_OBJC_IMPLICIT_RETAIN_SELF = YES;
				CLANG_WARN_OBJC_LITERAL_CONVERSION = YES;
				CLANG_WARN_OBJC_ROOT_CLASS = YES_ERROR;
				CLANG_WARN_QUOTED_INCLUDE_IN_FRAMEWORK_HEADER = YES;
				CLANG_WARN_RANGE_LOOP_ANALYSIS = YES;
				CLANG_WARN_STRICT_PROTOTYPES = YES;
				CLANG_WARN_SUSPICIOUS_MOVE = YES;
				CLANG_WARN_UNGUARDED_AVAILABILITY = YES_AGGRESSIVE;
				CLANG_WARN_UNREACHABLE_CODE = YES;
				CLANG_WARN__DUPLICATE_METHOD_MATCH = YES;
				COPY_PHASE_STRIP = NO;
				DEBUG_INFORMATION_FORMAT = dwarf;
				ENABLE_STRICT_OBJC_MSGSEND = YES;
				ENABLE_TESTABILITY = YES;
				GCC_C_LANGUAGE_STANDARD = gnu11;
				GCC_DYNAMIC_NO_PIC = NO;
				GCC_NO_COMMON_BLOCKS = YES;
				GCC_OPTIMIZATION_LEVEL = 0;
				GCC_PREPROCESSOR_DEFINITIONS = (
					"DEBUG=1",
					"$(inherited)",
				);
				GCC_WARN_64_TO_32_BIT_CONVERSION = YES;
				GCC_WARN_ABOUT_RETURN_TYPE = YES_ERROR;
				GCC_WARN_UNDECLARED_SELECTOR = YES;
				GCC_WARN_UNINITIALIZED_AUTOS = YES_AGGRESSIVE;
				GCC_WARN_UNUSED_FUNCTION = YES;
				GCC_WARN_UNUSED_VARIABLE = YES;
				IPHONEOS_DEPLOYMENT_TARGET = 15.5;
				MTL_ENABLE_DEBUG_INFO = INCLUDE_SOURCE;
				MTL_FAST_MATH = YES;
				ONLY_ACTIVE_ARCH = YES;
				SDKROOT = iphoneos;
				SWIFT_ACTIVE_COMPILATION_CONDITIONS = DEBUG;
				SWIFT_OPTIMIZATION_LEVEL = "-Onone";
			};
			name = Debug;
		};
		76D9D1022862C67900EB6E26 /* Release */ = {
			isa = XCBuildConfiguration;
			buildSettings = {
				ALWAYS_SEARCH_USER_PATHS = NO;
				CLANG_ANALYZER_NONNULL = YES;
				CLANG_ANALYZER_NUMBER_OBJECT_CONVERSION = YES_AGGRESSIVE;
				CLANG_CXX_LANGUAGE_STANDARD = "gnu++17";
				CLANG_ENABLE_MODULES = YES;
				CLANG_ENABLE_OBJC_ARC = YES;
				CLANG_ENABLE_OBJC_WEAK = YES;
				CLANG_WARN_BLOCK_CAPTURE_AUTORELEASING = YES;
				CLANG_WARN_BOOL_CONVERSION = YES;
				CLANG_WARN_COMMA = YES;
				CLANG_WARN_CONSTANT_CONVERSION = YES;
				CLANG_WARN_DEPRECATED_OBJC_IMPLEMENTATIONS = YES;
				CLANG_WARN_DIRECT_OBJC_ISA_USAGE = YES_ERROR;
				CLANG_WARN_DOCUMENTATION_COMMENTS = YES;
				CLANG_WARN_EMPTY_BODY = YES;
				CLANG_WARN_ENUM_CONVERSION = YES;
				CLANG_WARN_INFINITE_RECURSION = YES;
				CLANG_WARN_INT_CONVERSION = YES;
				CLANG_WARN_NON_LITERAL_NULL_CONVERSION = YES;
				CLANG_WARN_OBJC_IMPLICIT_RETAIN_SELF = YES;
				CLANG_WARN_OBJC_LITERAL_CONVERSION = YES;
				CLANG_WARN_OBJC_ROOT_CLASS = YES_ERROR;
				CLANG_WARN_QUOTED_INCLUDE_IN_FRAMEWORK_HEADER = YES;
				CLANG_WARN_RANGE_LOOP_ANALYSIS = YES;
				CLANG_WARN_STRICT_PROTOTYPES = YES;
				CLANG_WARN_SUSPICIOUS_MOVE = YES;
				CLANG_WARN_UNGUARDED_AVAILABILITY = YES_AGGRESSIVE;
				CLANG_WARN_UNREACHABLE_CODE = YES;
				CLANG_WARN__DUPLICATE_METHOD_MATCH = YES;
				COPY_PHASE_STRIP = NO;
				DEBUG_INFORMATION_FORMAT = "dwarf-with-dsym";
				ENABLE_NS_ASSERTIONS = NO;
				ENABLE_STRICT_OBJC_MSGSEND = YES;
				GCC_C_LANGUAGE_STANDARD = gnu11;
				GCC_NO_COMMON_BLOCKS = YES;
				GCC_WARN_64_TO_32_BIT_CONVERSION = YES;
				GCC_WARN_ABOUT_RETURN_TYPE = YES_ERROR;
				GCC_WARN_UNDECLARED_SELECTOR = YES;
				GCC_WARN_UNINITIALIZED_AUTOS = YES_AGGRESSIVE;
				GCC_WARN_UNUSED_FUNCTION = YES;
				GCC_WARN_UNUSED_VARIABLE = YES;
				IPHONEOS_DEPLOYMENT_TARGET = 15.5;
				MTL_ENABLE_DEBUG_INFO = NO;
				MTL_FAST_MATH = YES;
				SDKROOT = iphoneos;
				SWIFT_COMPILATION_MODE = wholemodule;
				SWIFT_OPTIMIZATION_LEVEL = "-O";
				VALIDATE_PRODUCT = YES;
			};
			name = Release;
		};
		76D9D1042862C67900EB6E26 /* Debug */ = {
			isa = XCBuildConfiguration;
			buildSettings = {
				ASSETCATALOG_COMPILER_APPICON_NAME = AppIcon;
				ASSETCATALOG_COMPILER_GLOBAL_ACCENT_COLOR_NAME = AccentColor;
				CODE_SIGN_STYLE = Automatic;
				CURRENT_PROJECT_VERSION = 1;
				DEVELOPMENT_TEAM = JCBGG6UGQ9;
				GENERATE_INFOPLIST_FILE = YES;
				INFOPLIST_FILE = "FBLA Mobile App Dev/Info.plist";
				INFOPLIST_KEY_UIApplicationSupportsIndirectInputEvents = YES;
				INFOPLIST_KEY_UILaunchStoryboardName = LaunchScreen;
				INFOPLIST_KEY_UIMainStoryboardFile = Main;
				INFOPLIST_KEY_UISupportedInterfaceOrientations_iPad = "UIInterfaceOrientationPortrait UIInterfaceOrientationPortraitUpsideDown UIInterfaceOrientationLandscapeLeft UIInterfaceOrientationLandscapeRight";
				INFOPLIST_KEY_UISupportedInterfaceOrientations_iPhone = "UIInterfaceOrientationPortrait UIInterfaceOrientationLandscapeLeft UIInterfaceOrientationLandscapeRight";
				LD_RUNPATH_SEARCH_PATHS = (
					"$(inherited)",
					"@executable_path/Frameworks",
				);
				MARKETING_VERSION = 1.0;
				PRODUCT_BUNDLE_IDENTIFIER = "com.MosesYang.FBLA-Mobile-App-Dev";
				PRODUCT_NAME = "$(TARGET_NAME)";
				SWIFT_EMIT_LOC_STRINGS = YES;
				SWIFT_VERSION = 5.0;
				TARGETED_DEVICE_FAMILY = "1,2";
			};
			name = Debug;
		};
		76D9D1052862C67900EB6E26 /* Release */ = {
			isa = XCBuildConfiguration;
			buildSettings = {
				ASSETCATALOG_COMPILER_APPICON_NAME = AppIcon;
				ASSETCATALOG_COMPILER_GLOBAL_ACCENT_COLOR_NAME = AccentColor;
				CODE_SIGN_STYLE = Automatic;
				CURRENT_PROJECT_VERSION = 1;
				DEVELOPMENT_TEAM = JCBGG6UGQ9;
				GENERATE_INFOPLIST_FILE = YES;
				INFOPLIST_FILE = "FBLA Mobile App Dev/Info.plist";
				INFOPLIST_KEY_UIApplicationSupportsIndirectInputEvents = YES;
				INFOPLIST_KEY_UILaunchStoryboardName = LaunchScreen;
				INFOPLIST_KEY_UIMainStoryboardFile = Main;
				INFOPLIST_KEY_UISupportedInterfaceOrientations_iPad = "UIInterfaceOrientationPortrait UIInterfaceOrientationPortraitUpsideDown UIInterfaceOrientationLandscapeLeft UIInterfaceOrientationLandscapeRight";
				INFOPLIST_KEY_UISupportedInterfaceOrientations_iPhone = "UIInterfaceOrientationPortrait UIInterfaceOrientationLandscapeLeft UIInterfaceOrientationLandscapeRight";
				LD_RUNPATH_SEARCH_PATHS = (
					"$(inherited)",
					"@executable_path/Frameworks",
				);
				MARKETING_VERSION = 1.0;
				PRODUCT_BUNDLE_IDENTIFIER = "com.MosesYang.FBLA-Mobile-App-Dev";
				PRODUCT_NAME = "$(TARGET_NAME)";
				SWIFT_EMIT_LOC_STRINGS = YES;
				SWIFT_VERSION = 5.0;
				TARGETED_DEVICE_FAMILY = "1,2";
			};
			name = Release;
		};
/* End XCBuildConfiguration section */

/* Begin XCConfigurationList section */
		76D9D0EA2862C67600EB6E26 /* Build configuration list for PBXProject "FBLA Mobile App Dev" */ = {
			isa = XCConfigurationList;
			buildConfigurations = (
				76D9D1012862C67900EB6E26 /* Debug */,
				76D9D1022862C67900EB6E26 /* Release */,
			);
			defaultConfigurationIsVisible = 0;
			defaultConfigurationName = Release;
		};
		76D9D1032862C67900EB6E26 /* Build configuration list for PBXNativeTarget "FBLA Mobile App Dev" */ = {
			isa = XCConfigurationList;
			buildConfigurations = (
				76D9D1042862C67900EB6E26 /* Debug */,
				76D9D1052862C67900EB6E26 /* Release */,
			);
			defaultConfigurationIsVisible = 0;
			defaultConfigurationName = Release;
		};
/* End XCConfigurationList section */
	};
	rootObject = 76D9D0E72862C67600EB6E26 /* Project object */;
}
